// !$*UTF8*$!
{
	archiveVersion = 1;
	classes = {
	};
	objectVersion = 56;
	objects = {

/* Begin PBXBuildFile section */
		2636E4C229E3237C00EA39F4 /* BreadfastMobile_Task_IOSApp.swift in Sources */ = {isa = PBXBuildFile; fileRef = 2636E4C129E3237C00EA39F4 /* BreadfastMobile_Task_IOSApp.swift */; };
		2636E4C629E3237D00EA39F4 /* Assets.xcassets in Resources */ = {isa = PBXBuildFile; fileRef = 2636E4C529E3237D00EA39F4 /* Assets.xcassets */; };
		2636E4C929E3237D00EA39F4 /* Preview Assets.xcassets in Resources */ = {isa = PBXBuildFile; fileRef = 2636E4C829E3237D00EA39F4 /* Preview Assets.xcassets */; };
		2636E4D329E3237D00EA39F4 /* BreadfastMobile_Task_IOSTests.swift in Sources */ = {isa = PBXBuildFile; fileRef = 2636E4D229E3237D00EA39F4 /* BreadfastMobile_Task_IOSTests.swift */; };
		2636E4DD29E3237D00EA39F4 /* BreadfastMobile_Task_IOSUITests.swift in Sources */ = {isa = PBXBuildFile; fileRef = 2636E4DC29E3237D00EA39F4 /* BreadfastMobile_Task_IOSUITests.swift */; };
		2636E4DF29E3237D00EA39F4 /* BreadfastMobile_Task_IOSUITestsLaunchTests.swift in Sources */ = {isa = PBXBuildFile; fileRef = 2636E4DE29E3237D00EA39F4 /* BreadfastMobile_Task_IOSUITestsLaunchTests.swift */; };
		2636E4FB29E3350700EA39F4 /* ServiceHandler.swift in Sources */ = {isa = PBXBuildFile; fileRef = 2636E4FA29E3350700EA39F4 /* ServiceHandler.swift */; };
		2636E4FD29E33EB200EA39F4 /* HTTPMethodType.swift in Sources */ = {isa = PBXBuildFile; fileRef = 2636E4FC29E33EB200EA39F4 /* HTTPMethodType.swift */; };
		2636E4FF29E33EC400EA39F4 /* Endpoint.swift in Sources */ = {isa = PBXBuildFile; fileRef = 2636E4FE29E33EC400EA39F4 /* Endpoint.swift */; };
		2636E50129E33EE100EA39F4 /* ApplicationError.swift in Sources */ = {isa = PBXBuildFile; fileRef = 2636E50029E33EE100EA39F4 /* ApplicationError.swift */; };
		2636E50329E33F0600EA39F4 /* PostsRepository.swift in Sources */ = {isa = PBXBuildFile; fileRef = 2636E50229E33F0600EA39F4 /* PostsRepository.swift */; };
		2636E50629E341EE00EA39F4 /* EncodableExtenstion.swift in Sources */ = {isa = PBXBuildFile; fileRef = 2636E50529E341EE00EA39F4 /* EncodableExtenstion.swift */; };
		2636E50829E3446C00EA39F4 /* PostsResponse.swift in Sources */ = {isa = PBXBuildFile; fileRef = 2636E50729E3446C00EA39F4 /* PostsResponse.swift */; };
		2636E50B29E3449500EA39F4 /* PostsEndPoint.swift in Sources */ = {isa = PBXBuildFile; fileRef = 2636E50A29E3449500EA39F4 /* PostsEndPoint.swift */; };
		2636E50D29E344E900EA39F4 /* PostsRepositoryProtocol.swift in Sources */ = {isa = PBXBuildFile; fileRef = 2636E50C29E344E900EA39F4 /* PostsRepositoryProtocol.swift */; };
		2636E50F29E3451900EA39F4 /* PostsUseCase.swift in Sources */ = {isa = PBXBuildFile; fileRef = 2636E50E29E3451900EA39F4 /* PostsUseCase.swift */; };
		2636E51429E3461F00EA39F4 /* PostsView.swift in Sources */ = {isa = PBXBuildFile; fileRef = 2636E51329E3461F00EA39F4 /* PostsView.swift */; };
		2636E51629E3467E00EA39F4 /* PostsViewModel.swift in Sources */ = {isa = PBXBuildFile; fileRef = 2636E51529E3467E00EA39F4 /* PostsViewModel.swift */; };
		2636E51929E3487500EA39F4 /* PostsViewCoordinator.swift in Sources */ = {isa = PBXBuildFile; fileRef = 2636E51829E3487500EA39F4 /* PostsViewCoordinator.swift */; };
		2636E51E29E358E200EA39F4 /* SplashView.swift in Sources */ = {isa = PBXBuildFile; fileRef = 2636E51D29E358E200EA39F4 /* SplashView.swift */; };
		2636E52029E35B3200EA39F4 /* Assets.swift in Sources */ = {isa = PBXBuildFile; fileRef = 2636E51F29E35B3200EA39F4 /* Assets.swift */; };
/* End PBXBuildFile section */

/* Begin PBXContainerItemProxy section */
		2636E4CF29E3237D00EA39F4 /* PBXContainerItemProxy */ = {
			isa = PBXContainerItemProxy;
			containerPortal = 2636E4B629E3237C00EA39F4 /* Project object */;
			proxyType = 1;
			remoteGlobalIDString = 2636E4BD29E3237C00EA39F4;
			remoteInfo = "BreadfastMobile Task IOS";
		};
		2636E4D929E3237D00EA39F4 /* PBXContainerItemProxy */ = {
			isa = PBXContainerItemProxy;
			containerPortal = 2636E4B629E3237C00EA39F4 /* Project object */;
			proxyType = 1;
			remoteGlobalIDString = 2636E4BD29E3237C00EA39F4;
			remoteInfo = "BreadfastMobile Task IOS";
		};
/* End PBXContainerItemProxy section */

/* Begin PBXFileReference section */
		2636E4BE29E3237C00EA39F4 /* BreadfastMobile Task IOS.app */ = {isa = PBXFileReference; explicitFileType = wrapper.application; includeInIndex = 0; path = "BreadfastMobile Task IOS.app"; sourceTree = BUILT_PRODUCTS_DIR; };
		2636E4C129E3237C00EA39F4 /* BreadfastMobile_Task_IOSApp.swift */ = {isa = PBXFileReference; lastKnownFileType = sourcecode.swift; path = BreadfastMobile_Task_IOSApp.swift; sourceTree = "<group>"; };
		2636E4C529E3237D00EA39F4 /* Assets.xcassets */ = {isa = PBXFileReference; lastKnownFileType = folder.assetcatalog; path = Assets.xcassets; sourceTree = "<group>"; };
		2636E4C829E3237D00EA39F4 /* Preview Assets.xcassets */ = {isa = PBXFileReference; lastKnownFileType = folder.assetcatalog; path = "Preview Assets.xcassets"; sourceTree = "<group>"; };
		2636E4CE29E3237D00EA39F4 /* BreadfastMobile Task IOSTests.xctest */ = {isa = PBXFileReference; explicitFileType = wrapper.cfbundle; includeInIndex = 0; path = "BreadfastMobile Task IOSTests.xctest"; sourceTree = BUILT_PRODUCTS_DIR; };
		2636E4D229E3237D00EA39F4 /* BreadfastMobile_Task_IOSTests.swift */ = {isa = PBXFileReference; lastKnownFileType = sourcecode.swift; path = BreadfastMobile_Task_IOSTests.swift; sourceTree = "<group>"; };
		2636E4D829E3237D00EA39F4 /* BreadfastMobile Task IOSUITests.xctest */ = {isa = PBXFileReference; explicitFileType = wrapper.cfbundle; includeInIndex = 0; path = "BreadfastMobile Task IOSUITests.xctest"; sourceTree = BUILT_PRODUCTS_DIR; };
		2636E4DC29E3237D00EA39F4 /* BreadfastMobile_Task_IOSUITests.swift */ = {isa = PBXFileReference; lastKnownFileType = sourcecode.swift; path = BreadfastMobile_Task_IOSUITests.swift; sourceTree = "<group>"; };
		2636E4DE29E3237D00EA39F4 /* BreadfastMobile_Task_IOSUITestsLaunchTests.swift */ = {isa = PBXFileReference; lastKnownFileType = sourcecode.swift; path = BreadfastMobile_Task_IOSUITestsLaunchTests.swift; sourceTree = "<group>"; };
		2636E4FA29E3350700EA39F4 /* ServiceHandler.swift */ = {isa = PBXFileReference; lastKnownFileType = sourcecode.swift; path = ServiceHandler.swift; sourceTree = "<group>"; };
		2636E4FC29E33EB200EA39F4 /* HTTPMethodType.swift */ = {isa = PBXFileReference; lastKnownFileType = sourcecode.swift; path = HTTPMethodType.swift; sourceTree = "<group>"; };
		2636E4FE29E33EC400EA39F4 /* Endpoint.swift */ = {isa = PBXFileReference; lastKnownFileType = sourcecode.swift; path = Endpoint.swift; sourceTree = "<group>"; };
		2636E50029E33EE100EA39F4 /* ApplicationError.swift */ = {isa = PBXFileReference; lastKnownFileType = sourcecode.swift; path = ApplicationError.swift; sourceTree = "<group>"; };
		2636E50229E33F0600EA39F4 /* PostsRepository.swift */ = {isa = PBXFileReference; lastKnownFileType = sourcecode.swift; path = PostsRepository.swift; sourceTree = "<group>"; };
		2636E50529E341EE00EA39F4 /* EncodableExtenstion.swift */ = {isa = PBXFileReference; lastKnownFileType = sourcecode.swift; path = EncodableExtenstion.swift; sourceTree = "<group>"; };
		2636E50729E3446C00EA39F4 /* PostsResponse.swift */ = {isa = PBXFileReference; lastKnownFileType = sourcecode.swift; path = PostsResponse.swift; sourceTree = "<group>"; };
		2636E50A29E3449500EA39F4 /* PostsEndPoint.swift */ = {isa = PBXFileReference; lastKnownFileType = sourcecode.swift; path = PostsEndPoint.swift; sourceTree = "<group>"; };
		2636E50C29E344E900EA39F4 /* PostsRepositoryProtocol.swift */ = {isa = PBXFileReference; lastKnownFileType = sourcecode.swift; path = PostsRepositoryProtocol.swift; sourceTree = "<group>"; };
		2636E50E29E3451900EA39F4 /* PostsUseCase.swift */ = {isa = PBXFileReference; lastKnownFileType = sourcecode.swift; path = PostsUseCase.swift; sourceTree = "<group>"; };
		2636E51329E3461F00EA39F4 /* PostsView.swift */ = {isa = PBXFileReference; lastKnownFileType = sourcecode.swift; path = PostsView.swift; sourceTree = "<group>"; };
		2636E51529E3467E00EA39F4 /* PostsViewModel.swift */ = {isa = PBXFileReference; lastKnownFileType = sourcecode.swift; path = PostsViewModel.swift; sourceTree = "<group>"; };
		2636E51829E3487500EA39F4 /* PostsViewCoordinator.swift */ = {isa = PBXFileReference; lastKnownFileType = sourcecode.swift; path = PostsViewCoordinator.swift; sourceTree = "<group>"; };
		2636E51D29E358E200EA39F4 /* SplashView.swift */ = {isa = PBXFileReference; lastKnownFileType = sourcecode.swift; path = SplashView.swift; sourceTree = "<group>"; };
		2636E51F29E35B3200EA39F4 /* Assets.swift */ = {isa = PBXFileReference; lastKnownFileType = sourcecode.swift; path = Assets.swift; sourceTree = "<group>"; };
/* End PBXFileReference section */

/* Begin PBXFrameworksBuildPhase section */
		2636E4BB29E3237C00EA39F4 /* Frameworks */ = {
			isa = PBXFrameworksBuildPhase;
			buildActionMask = 2147483647;
			files = (
			);
			runOnlyForDeploymentPostprocessing = 0;
		};
		2636E4CB29E3237D00EA39F4 /* Frameworks */ = {
			isa = PBXFrameworksBuildPhase;
			buildActionMask = 2147483647;
			files = (
			);
			runOnlyForDeploymentPostprocessing = 0;
		};
		2636E4D529E3237D00EA39F4 /* Frameworks */ = {
			isa = PBXFrameworksBuildPhase;
			buildActionMask = 2147483647;
			files = (
			);
			runOnlyForDeploymentPostprocessing = 0;
		};
/* End PBXFrameworksBuildPhase section */

/* Begin PBXGroup section */
		2636E4B529E3237C00EA39F4 = {
			isa = PBXGroup;
			children = (
				2636E4C029E3237C00EA39F4 /* BreadfastMobile Task IOS */,
				2636E4D129E3237D00EA39F4 /* BreadfastMobile Task IOSTests */,
				2636E4DB29E3237D00EA39F4 /* BreadfastMobile Task IOSUITests */,
				2636E4BF29E3237C00EA39F4 /* Products */,
			);
			sourceTree = "<group>";
		};
		2636E4BF29E3237C00EA39F4 /* Products */ = {
			isa = PBXGroup;
			children = (
				2636E4BE29E3237C00EA39F4 /* BreadfastMobile Task IOS.app */,
				2636E4CE29E3237D00EA39F4 /* BreadfastMobile Task IOSTests.xctest */,
				2636E4D829E3237D00EA39F4 /* BreadfastMobile Task IOSUITests.xctest */,
			);
			name = Products;
			sourceTree = "<group>";
		};
		2636E4C029E3237C00EA39F4 /* BreadfastMobile Task IOS */ = {
			isa = PBXGroup;
			children = (
				2636E4EB29E325D500EA39F4 /* AppDelegate */,
				2636E4EF29E325F100EA39F4 /* Modules */,
				2636E4EE29E325EB00EA39F4 /* Utilites */,
				2636E4ED29E325E600EA39F4 /* Resources */,
				2636E4EC29E325DE00EA39F4 /* SupportingFiles */,
				2636E4C129E3237C00EA39F4 /* BreadfastMobile_Task_IOSApp.swift */,
				2636E4C729E3237D00EA39F4 /* Preview Content */,
			);
			path = "BreadfastMobile Task IOS";
			sourceTree = "<group>";
		};
		2636E4C729E3237D00EA39F4 /* Preview Content */ = {
			isa = PBXGroup;
			children = (
				2636E4C829E3237D00EA39F4 /* Preview Assets.xcassets */,
			);
			path = "Preview Content";
			sourceTree = "<group>";
		};
		2636E4D129E3237D00EA39F4 /* BreadfastMobile Task IOSTests */ = {
			isa = PBXGroup;
			children = (
				2636E4D229E3237D00EA39F4 /* BreadfastMobile_Task_IOSTests.swift */,
			);
			path = "BreadfastMobile Task IOSTests";
			sourceTree = "<group>";
		};
		2636E4DB29E3237D00EA39F4 /* BreadfastMobile Task IOSUITests */ = {
			isa = PBXGroup;
			children = (
				2636E4DC29E3237D00EA39F4 /* BreadfastMobile_Task_IOSUITests.swift */,
				2636E4DE29E3237D00EA39F4 /* BreadfastMobile_Task_IOSUITestsLaunchTests.swift */,
			);
			path = "BreadfastMobile Task IOSUITests";
			sourceTree = "<group>";
		};
		2636E4EB29E325D500EA39F4 /* AppDelegate */ = {
			isa = PBXGroup;
			children = (
			);
			path = AppDelegate;
			sourceTree = "<group>";
		};
		2636E4EC29E325DE00EA39F4 /* SupportingFiles */ = {
			isa = PBXGroup;
			children = (
			);
			path = SupportingFiles;
			sourceTree = "<group>";
		};
		2636E4ED29E325E600EA39F4 /* Resources */ = {
			isa = PBXGroup;
			children = (
				2636E4C529E3237D00EA39F4 /* Assets.xcassets */,
				2636E51F29E35B3200EA39F4 /* Assets.swift */,
			);
			path = Resources;
			sourceTree = "<group>";
		};
		2636E4EE29E325EB00EA39F4 /* Utilites */ = {
			isa = PBXGroup;
			children = (
				2636E50429E341D100EA39F4 /* Extensions */,
			);
			path = Utilites;
			sourceTree = "<group>";
		};
		2636E4EF29E325F100EA39F4 /* Modules */ = {
			isa = PBXGroup;
			children = (
				2636E4F229E3261B00EA39F4 /* Data */,
				2636E4F129E3261800EA39F4 /* Domain */,
				2636E4F029E3261200EA39F4 /* Presentation */,
			);
			path = Modules;
			sourceTree = "<group>";
		};
		2636E4F029E3261200EA39F4 /* Presentation */ = {
			isa = PBXGroup;
			children = (
				2636E51A29E358D000EA39F4 /* Splash */,
				2636E51029E345FB00EA39F4 /* Posts */,
			);
			path = Presentation;
			sourceTree = "<group>";
		};
		2636E4F129E3261800EA39F4 /* Domain */ = {
			isa = PBXGroup;
			children = (
				2636E4F829E3265100EA39F4 /* RepositoryProtocol */,
				2636E4F729E3264B00EA39F4 /* Entity */,
				2636E4F629E3264500EA39F4 /* UseCase */,
			);
			path = Domain;
			sourceTree = "<group>";
		};
		2636E4F229E3261B00EA39F4 /* Data */ = {
			isa = PBXGroup;
			children = (
				2636E4F529E3263900EA39F4 /* DataAccess */,
				2636E4F429E3263500EA39F4 /* Entity */,
				2636E4F329E3262D00EA39F4 /* Repository */,
			);
			path = Data;
			sourceTree = "<group>";
		};
		2636E4F329E3262D00EA39F4 /* Repository */ = {
			isa = PBXGroup;
			children = (
				2636E50229E33F0600EA39F4 /* PostsRepository.swift */,
			);
			path = Repository;
			sourceTree = "<group>";
		};
		2636E4F429E3263500EA39F4 /* Entity */ = {
			isa = PBXGroup;
			children = (
				2636E50729E3446C00EA39F4 /* PostsResponse.swift */,
			);
			path = Entity;
			sourceTree = "<group>";
		};
		2636E4F529E3263900EA39F4 /* DataAccess */ = {
			isa = PBXGroup;
			children = (
				2636E50929E3448900EA39F4 /* Endpoints */,
				2636E4F929E334D100EA39F4 /* ServiceHanlder */,
			);
			path = DataAccess;
			sourceTree = "<group>";
		};
		2636E4F629E3264500EA39F4 /* UseCase */ = {
			isa = PBXGroup;
			children = (
				2636E50E29E3451900EA39F4 /* PostsUseCase.swift */,
			);
			path = UseCase;
			sourceTree = "<group>";
		};
		2636E4F729E3264B00EA39F4 /* Entity */ = {
			isa = PBXGroup;
			children = (
			);
			path = Entity;
			sourceTree = "<group>";
		};
		2636E4F829E3265100EA39F4 /* RepositoryProtocol */ = {
			isa = PBXGroup;
			children = (
				2636E50C29E344E900EA39F4 /* PostsRepositoryProtocol.swift */,
			);
			path = RepositoryProtocol;
			sourceTree = "<group>";
		};
		2636E4F929E334D100EA39F4 /* ServiceHanlder */ = {
			isa = PBXGroup;
			children = (
				2636E4FA29E3350700EA39F4 /* ServiceHandler.swift */,
				2636E50029E33EE100EA39F4 /* ApplicationError.swift */,
				2636E4FC29E33EB200EA39F4 /* HTTPMethodType.swift */,
				2636E4FE29E33EC400EA39F4 /* Endpoint.swift */,
			);
			path = ServiceHanlder;
			sourceTree = "<group>";
		};
		2636E50429E341D100EA39F4 /* Extensions */ = {
			isa = PBXGroup;
			children = (
				2636E50529E341EE00EA39F4 /* EncodableExtenstion.swift */,
			);
			path = Extensions;
			sourceTree = "<group>";
		};
		2636E50929E3448900EA39F4 /* Endpoints */ = {
			isa = PBXGroup;
			children = (
				2636E50A29E3449500EA39F4 /* PostsEndPoint.swift */,
			);
			path = Endpoints;
			sourceTree = "<group>";
		};
		2636E51029E345FB00EA39F4 /* Posts */ = {
			isa = PBXGroup;
			children = (
				2636E51729E3485900EA39F4 /* Cordinator */,
				2636E51229E3460A00EA39F4 /* ViewModel */,
				2636E51129E3460700EA39F4 /* View */,
			);
			path = Posts;
			sourceTree = "<group>";
		};
		2636E51129E3460700EA39F4 /* View */ = {
			isa = PBXGroup;
			children = (
				2636E51329E3461F00EA39F4 /* PostsView.swift */,
			);
			path = View;
			sourceTree = "<group>";
		};
		2636E51229E3460A00EA39F4 /* ViewModel */ = {
			isa = PBXGroup;
			children = (
				2636E51529E3467E00EA39F4 /* PostsViewModel.swift */,
			);
			path = ViewModel;
			sourceTree = "<group>";
		};
		2636E51729E3485900EA39F4 /* Cordinator */ = {
			isa = PBXGroup;
			children = (
				2636E51829E3487500EA39F4 /* PostsViewCoordinator.swift */,
			);
			path = Cordinator;
			sourceTree = "<group>";
		};
		2636E51A29E358D000EA39F4 /* Splash */ = {
			isa = PBXGroup;
			children = (
				2636E51C29E358D700EA39F4 /* ViewModel */,
				2636E51B29E358D400EA39F4 /* View */,
			);
			path = Splash;
			sourceTree = "<group>";
		};
		2636E51B29E358D400EA39F4 /* View */ = {
			isa = PBXGroup;
			children = (
				2636E51D29E358E200EA39F4 /* SplashView.swift */,
			);
			path = View;
			sourceTree = "<group>";
		};
		2636E51C29E358D700EA39F4 /* ViewModel */ = {
			isa = PBXGroup;
			children = (
			);
			path = ViewModel;
			sourceTree = "<group>";
		};
/* End PBXGroup section */

/* Begin PBXNativeTarget section */
		2636E4BD29E3237C00EA39F4 /* BreadfastMobile Task IOS */ = {
			isa = PBXNativeTarget;
			buildConfigurationList = 2636E4E229E3237D00EA39F4 /* Build configuration list for PBXNativeTarget "BreadfastMobile Task IOS" */;
			buildPhases = (
				2636E4BA29E3237C00EA39F4 /* Sources */,
				2636E4BB29E3237C00EA39F4 /* Frameworks */,
				2636E4BC29E3237C00EA39F4 /* Resources */,
			);
			buildRules = (
			);
			dependencies = (
			);
			name = "BreadfastMobile Task IOS";
			productName = "BreadfastMobile Task IOS";
			productReference = 2636E4BE29E3237C00EA39F4 /* BreadfastMobile Task IOS.app */;
			productType = "com.apple.product-type.application";
		};
		2636E4CD29E3237D00EA39F4 /* BreadfastMobile Task IOSTests */ = {
			isa = PBXNativeTarget;
			buildConfigurationList = 2636E4E529E3237D00EA39F4 /* Build configuration list for PBXNativeTarget "BreadfastMobile Task IOSTests" */;
			buildPhases = (
				2636E4CA29E3237D00EA39F4 /* Sources */,
				2636E4CB29E3237D00EA39F4 /* Frameworks */,
				2636E4CC29E3237D00EA39F4 /* Resources */,
			);
			buildRules = (
			);
			dependencies = (
				2636E4D029E3237D00EA39F4 /* PBXTargetDependency */,
			);
			name = "BreadfastMobile Task IOSTests";
			productName = "BreadfastMobile Task IOSTests";
			productReference = 2636E4CE29E3237D00EA39F4 /* BreadfastMobile Task IOSTests.xctest */;
			productType = "com.apple.product-type.bundle.unit-test";
		};
		2636E4D729E3237D00EA39F4 /* BreadfastMobile Task IOSUITests */ = {
			isa = PBXNativeTarget;
			buildConfigurationList = 2636E4E829E3237D00EA39F4 /* Build configuration list for PBXNativeTarget "BreadfastMobile Task IOSUITests" */;
			buildPhases = (
				2636E4D429E3237D00EA39F4 /* Sources */,
				2636E4D529E3237D00EA39F4 /* Frameworks */,
				2636E4D629E3237D00EA39F4 /* Resources */,
			);
			buildRules = (
			);
			dependencies = (
				2636E4DA29E3237D00EA39F4 /* PBXTargetDependency */,
			);
			name = "BreadfastMobile Task IOSUITests";
			productName = "BreadfastMobile Task IOSUITests";
			productReference = 2636E4D829E3237D00EA39F4 /* BreadfastMobile Task IOSUITests.xctest */;
			productType = "com.apple.product-type.bundle.ui-testing";
		};
/* End PBXNativeTarget section */

/* Begin PBXProject section */
		2636E4B629E3237C00EA39F4 /* Project object */ = {
			isa = PBXProject;
			attributes = {
				BuildIndependentTargetsInParallel = 1;
				LastSwiftUpdateCheck = 1430;
				LastUpgradeCheck = 1430;
				TargetAttributes = {
					2636E4BD29E3237C00EA39F4 = {
						CreatedOnToolsVersion = 14.3;
					};
					2636E4CD29E3237D00EA39F4 = {
						CreatedOnToolsVersion = 14.3;
						TestTargetID = 2636E4BD29E3237C00EA39F4;
					};
					2636E4D729E3237D00EA39F4 = {
						CreatedOnToolsVersion = 14.3;
						TestTargetID = 2636E4BD29E3237C00EA39F4;
					};
				};
			};
			buildConfigurationList = 2636E4B929E3237C00EA39F4 /* Build configuration list for PBXProject "BreadfastMobile Task IOS" */;
			compatibilityVersion = "Xcode 14.0";
			developmentRegion = en;
			hasScannedForEncodings = 0;
			knownRegions = (
				en,
				Base,
			);
			mainGroup = 2636E4B529E3237C00EA39F4;
			productRefGroup = 2636E4BF29E3237C00EA39F4 /* Products */;
			projectDirPath = "";
			projectRoot = "";
			targets = (
				2636E4BD29E3237C00EA39F4 /* BreadfastMobile Task IOS */,
				2636E4CD29E3237D00EA39F4 /* BreadfastMobile Task IOSTests */,
				2636E4D729E3237D00EA39F4 /* BreadfastMobile Task IOSUITests */,
			);
		};
/* End PBXProject section */

/* Begin PBXResourcesBuildPhase section */
		2636E4BC29E3237C00EA39F4 /* Resources */ = {
			isa = PBXResourcesBuildPhase;
			buildActionMask = 2147483647;
			files = (
				2636E4C929E3237D00EA39F4 /* Preview Assets.xcassets in Resources */,
				2636E4C629E3237D00EA39F4 /* Assets.xcassets in Resources */,
			);
			runOnlyForDeploymentPostprocessing = 0;
		};
		2636E4CC29E3237D00EA39F4 /* Resources */ = {
			isa = PBXResourcesBuildPhase;
			buildActionMask = 2147483647;
			files = (
			);
			runOnlyForDeploymentPostprocessing = 0;
		};
		2636E4D629E3237D00EA39F4 /* Resources */ = {
			isa = PBXResourcesBuildPhase;
			buildActionMask = 2147483647;
			files = (
			);
			runOnlyForDeploymentPostprocessing = 0;
		};
/* End PBXResourcesBuildPhase section */

/* Begin PBXSourcesBuildPhase section */
		2636E4BA29E3237C00EA39F4 /* Sources */ = {
			isa = PBXSourcesBuildPhase;
			buildActionMask = 2147483647;
			files = (
				2636E50B29E3449500EA39F4 /* PostsEndPoint.swift in Sources */,
				2636E51929E3487500EA39F4 /* PostsViewCoordinator.swift in Sources */,
				2636E4FB29E3350700EA39F4 /* ServiceHandler.swift in Sources */,
				2636E51629E3467E00EA39F4 /* PostsViewModel.swift in Sources */,
				2636E51E29E358E200EA39F4 /* SplashView.swift in Sources */,
				2636E50F29E3451900EA39F4 /* PostsUseCase.swift in Sources */,
				2636E50629E341EE00EA39F4 /* EncodableExtenstion.swift in Sources */,
				2636E50329E33F0600EA39F4 /* PostsRepository.swift in Sources */,
				2636E4FD29E33EB200EA39F4 /* HTTPMethodType.swift in Sources */,
				2636E4C229E3237C00EA39F4 /* BreadfastMobile_Task_IOSApp.swift in Sources */,
				2636E52029E35B3200EA39F4 /* Assets.swift in Sources */,
				2636E50829E3446C00EA39F4 /* PostsResponse.swift in Sources */,
				2636E51429E3461F00EA39F4 /* PostsView.swift in Sources */,
				2636E4FF29E33EC400EA39F4 /* Endpoint.swift in Sources */,
				2636E50129E33EE100EA39F4 /* ApplicationError.swift in Sources */,
				2636E50D29E344E900EA39F4 /* PostsRepositoryProtocol.swift in Sources */,
			);
			runOnlyForDeploymentPostprocessing = 0;
		};
		2636E4CA29E3237D00EA39F4 /* Sources */ = {
			isa = PBXSourcesBuildPhase;
			buildActionMask = 2147483647;
			files = (
				2636E4D329E3237D00EA39F4 /* BreadfastMobile_Task_IOSTests.swift in Sources */,
			);
			runOnlyForDeploymentPostprocessing = 0;
		};
		2636E4D429E3237D00EA39F4 /* Sources */ = {
			isa = PBXSourcesBuildPhase;
			buildActionMask = 2147483647;
			files = (
				2636E4DF29E3237D00EA39F4 /* BreadfastMobile_Task_IOSUITestsLaunchTests.swift in Sources */,
				2636E4DD29E3237D00EA39F4 /* BreadfastMobile_Task_IOSUITests.swift in Sources */,
			);
			runOnlyForDeploymentPostprocessing = 0;
		};
/* End PBXSourcesBuildPhase section */

/* Begin PBXTargetDependency section */
		2636E4D029E3237D00EA39F4 /* PBXTargetDependency */ = {
			isa = PBXTargetDependency;
			target = 2636E4BD29E3237C00EA39F4 /* BreadfastMobile Task IOS */;
			targetProxy = 2636E4CF29E3237D00EA39F4 /* PBXContainerItemProxy */;
		};
		2636E4DA29E3237D00EA39F4 /* PBXTargetDependency */ = {
			isa = PBXTargetDependency;
			target = 2636E4BD29E3237C00EA39F4 /* BreadfastMobile Task IOS */;
			targetProxy = 2636E4D929E3237D00EA39F4 /* PBXContainerItemProxy */;
		};
/* End PBXTargetDependency section */

/* Begin XCBuildConfiguration section */
		2636E4E029E3237D00EA39F4 /* Debug */ = {
			isa = XCBuildConfiguration;
			buildSettings = {
				ALWAYS_SEARCH_USER_PATHS = NO;
				CLANG_ANALYZER_NONNULL = YES;
				CLANG_ANALYZER_NUMBER_OBJECT_CONVERSION = YES_AGGRESSIVE;
				CLANG_CXX_LANGUAGE_STANDARD = "gnu++20";
				CLANG_ENABLE_MODULES = YES;
				CLANG_ENABLE_OBJC_ARC = YES;
				CLANG_ENABLE_OBJC_WEAK = YES;
				CLANG_WARN_BLOCK_CAPTURE_AUTORELEASING = YES;
				CLANG_WARN_BOOL_CONVERSION = YES;
				CLANG_WARN_COMMA = YES;
				CLANG_WARN_CONSTANT_CONVERSION = YES;
				CLANG_WARN_DEPRECATED_OBJC_IMPLEMENTATIONS = YES;
				CLANG_WARN_DIRECT_OBJC_ISA_USAGE = YES_ERROR;
				CLANG_WARN_DOCUMENTATION_COMMENTS = YES;
				CLANG_WARN_EMPTY_BODY = YES;
				CLANG_WARN_ENUM_CONVERSION = YES;
				CLANG_WARN_INFINITE_RECURSION = YES;
				CLANG_WARN_INT_CONVERSION = YES;
				CLANG_WARN_NON_LITERAL_NULL_CONVERSION = YES;
				CLANG_WARN_OBJC_IMPLICIT_RETAIN_SELF = YES;
				CLANG_WARN_OBJC_LITERAL_CONVERSION = YES;
				CLANG_WARN_OBJC_ROOT_CLASS = YES_ERROR;
				CLANG_WARN_QUOTED_INCLUDE_IN_FRAMEWORK_HEADER = YES;
				CLANG_WARN_RANGE_LOOP_ANALYSIS = YES;
				CLANG_WARN_STRICT_PROTOTYPES = YES;
				CLANG_WARN_SUSPICIOUS_MOVE = YES;
				CLANG_WARN_UNGUARDED_AVAILABILITY = YES_AGGRESSIVE;
				CLANG_WARN_UNREACHABLE_CODE = YES;
				CLANG_WARN__DUPLICATE_METHOD_MATCH = YES;
				COPY_PHASE_STRIP = NO;
				DEBUG_INFORMATION_FORMAT = dwarf;
				ENABLE_STRICT_OBJC_MSGSEND = YES;
				ENABLE_TESTABILITY = YES;
				GCC_C_LANGUAGE_STANDARD = gnu11;
				GCC_DYNAMIC_NO_PIC = NO;
				GCC_NO_COMMON_BLOCKS = YES;
				GCC_OPTIMIZATION_LEVEL = 0;
				GCC_PREPROCESSOR_DEFINITIONS = (
					"DEBUG=1",
					"$(inherited)",
				);
				GCC_WARN_64_TO_32_BIT_CONVERSION = YES;
				GCC_WARN_ABOUT_RETURN_TYPE = YES_ERROR;
				GCC_WARN_UNDECLARED_SELECTOR = YES;
				GCC_WARN_UNINITIALIZED_AUTOS = YES_AGGRESSIVE;
				GCC_WARN_UNUSED_FUNCTION = YES;
				GCC_WARN_UNUSED_VARIABLE = YES;
				IPHONEOS_DEPLOYMENT_TARGET = 16.4;
				MTL_ENABLE_DEBUG_INFO = INCLUDE_SOURCE;
				MTL_FAST_MATH = YES;
				ONLY_ACTIVE_ARCH = YES;
				SDKROOT = iphoneos;
				SWIFT_ACTIVE_COMPILATION_CONDITIONS = DEBUG;
				SWIFT_OPTIMIZATION_LEVEL = "-Onone";
			};
			name = Debug;
		};
		2636E4E129E3237D00EA39F4 /* Release */ = {
			isa = XCBuildConfiguration;
			buildSettings = {
				ALWAYS_SEARCH_USER_PATHS = NO;
				CLANG_ANALYZER_NONNULL = YES;
				CLANG_ANALYZER_NUMBER_OBJECT_CONVERSION = YES_AGGRESSIVE;
				CLANG_CXX_LANGUAGE_STANDARD = "gnu++20";
				CLANG_ENABLE_MODULES = YES;
				CLANG_ENABLE_OBJC_ARC = YES;
				CLANG_ENABLE_OBJC_WEAK = YES;
				CLANG_WARN_BLOCK_CAPTURE_AUTORELEASING = YES;
				CLANG_WARN_BOOL_CONVERSION = YES;
				CLANG_WARN_COMMA = YES;
				CLANG_WARN_CONSTANT_CONVERSION = YES;
				CLANG_WARN_DEPRECATED_OBJC_IMPLEMENTATIONS = YES;
				CLANG_WARN_DIRECT_OBJC_ISA_USAGE = YES_ERROR;
				CLANG_WARN_DOCUMENTATION_COMMENTS = YES;
				CLANG_WARN_EMPTY_BODY = YES;
				CLANG_WARN_ENUM_CONVERSION = YES;
				CLANG_WARN_INFINITE_RECURSION = YES;
				CLANG_WARN_INT_CONVERSION = YES;
				CLANG_WARN_NON_LITERAL_NULL_CONVERSION = YES;
				CLANG_WARN_OBJC_IMPLICIT_RETAIN_SELF = YES;
				CLANG_WARN_OBJC_LITERAL_CONVERSION = YES;
				CLANG_WARN_OBJC_ROOT_CLASS = YES_ERROR;
				CLANG_WARN_QUOTED_INCLUDE_IN_FRAMEWORK_HEADER = YES;
				CLANG_WARN_RANGE_LOOP_ANALYSIS = YES;
				CLANG_WARN_STRICT_PROTOTYPES = YES;
				CLANG_WARN_SUSPICIOUS_MOVE = YES;
				CLANG_WARN_UNGUARDED_AVAILABILITY = YES_AGGRESSIVE;
				CLANG_WARN_UNREACHABLE_CODE = YES;
				CLANG_WARN__DUPLICATE_METHOD_MATCH = YES;
				COPY_PHASE_STRIP = NO;
				DEBUG_INFORMATION_FORMAT = "dwarf-with-dsym";
				ENABLE_NS_ASSERTIONS = NO;
				ENABLE_STRICT_OBJC_MSGSEND = YES;
				GCC_C_LANGUAGE_STANDARD = gnu11;
				GCC_NO_COMMON_BLOCKS = YES;
				GCC_WARN_64_TO_32_BIT_CONVERSION = YES;
				GCC_WARN_ABOUT_RETURN_TYPE = YES_ERROR;
				GCC_WARN_UNDECLARED_SELECTOR = YES;
				GCC_WARN_UNINITIALIZED_AUTOS = YES_AGGRESSIVE;
				GCC_WARN_UNUSED_FUNCTION = YES;
				GCC_WARN_UNUSED_VARIABLE = YES;
				IPHONEOS_DEPLOYMENT_TARGET = 16.4;
				MTL_ENABLE_DEBUG_INFO = NO;
				MTL_FAST_MATH = YES;
				SDKROOT = iphoneos;
				SWIFT_COMPILATION_MODE = wholemodule;
				SWIFT_OPTIMIZATION_LEVEL = "-O";
				VALIDATE_PRODUCT = YES;
			};
			name = Release;
		};
		2636E4E329E3237D00EA39F4 /* Debug */ = {
			isa = XCBuildConfiguration;
			buildSettings = {
				ASSETCATALOG_COMPILER_APPICON_NAME = AppIcon;
				ASSETCATALOG_COMPILER_GLOBAL_ACCENT_COLOR_NAME = AccentColor;
				CODE_SIGN_STYLE = Automatic;
				CURRENT_PROJECT_VERSION = 1;
				DEVELOPMENT_ASSET_PATHS = "\"BreadfastMobile Task IOS/Preview Content\"";
				DEVELOPMENT_TEAM = XL7S5FMWR8;
				ENABLE_PREVIEWS = YES;
				GENERATE_INFOPLIST_FILE = YES;
				INFOPLIST_KEY_UIApplicationSceneManifest_Generation = YES;
				INFOPLIST_KEY_UIApplicationSupportsIndirectInputEvents = YES;
				INFOPLIST_KEY_UILaunchScreen_Generation = YES;
				INFOPLIST_KEY_UISupportedInterfaceOrientations_iPad = "UIInterfaceOrientationPortrait UIInterfaceOrientationPortraitUpsideDown UIInterfaceOrientationLandscapeLeft UIInterfaceOrientationLandscapeRight";
				INFOPLIST_KEY_UISupportedInterfaceOrientations_iPhone = "UIInterfaceOrientationPortrait UIInterfaceOrientationLandscapeLeft UIInterfaceOrientationLandscapeRight";
				LD_RUNPATH_SEARCH_PATHS = (
					"$(inherited)",
					"@executable_path/Frameworks",
				);
				MARKETING_VERSION = 1.0;
				PRODUCT_BUNDLE_IDENTIFIER = "Breadfast.com.BreadfastMobile-Task-IOS";
				PRODUCT_NAME = "$(TARGET_NAME)";
				SWIFT_EMIT_LOC_STRINGS = YES;
				SWIFT_VERSION = 5.0;
				TARGETED_DEVICE_FAMILY = "1,2";
			};
			name = Debug;
		};
		2636E4E429E3237D00EA39F4 /* Release */ = {
			isa = XCBuildConfiguration;
			buildSettings = {
				ASSETCATALOG_COMPILER_APPICON_NAME = AppIcon;
				ASSETCATALOG_COMPILER_GLOBAL_ACCENT_COLOR_NAME = AccentColor;
				CODE_SIGN_STYLE = Automatic;
				CURRENT_PROJECT_VERSION = 1;
				DEVELOPMENT_ASSET_PATHS = "\"BreadfastMobile Task IOS/Preview Content\"";
				DEVELOPMENT_TEAM = XL7S5FMWR8;
				ENABLE_PREVIEWS = YES;
				GENERATE_INFOPLIST_FILE = YES;
				INFOPLIST_KEY_UIApplicationSceneManifest_Generation = YES;
				INFOPLIST_KEY_UIApplicationSupportsIndirectInputEvents = YES;
				INFOPLIST_KEY_UILaunchScreen_Generation = YES;
				INFOPLIST_KEY_UISupportedInterfaceOrientations_iPad = "UIInterfaceOrientationPortrait UIInterfaceOrientationPortraitUpsideDown UIInterfaceOrientationLandscapeLeft UIInterfaceOrientationLandscapeRight";
				INFOPLIST_KEY_UISupportedInterfaceOrientations_iPhone = "UIInterfaceOrientationPortrait UIInterfaceOrientationLandscapeLeft UIInterfaceOrientationLandscapeRight";
				LD_RUNPATH_SEARCH_PATHS = (
					"$(inherited)",
					"@executable_path/Frameworks",
				);
				MARKETING_VERSION = 1.0;
				PRODUCT_BUNDLE_IDENTIFIER = "Breadfast.com.BreadfastMobile-Task-IOS";
				PRODUCT_NAME = "$(TARGET_NAME)";
				SWIFT_EMIT_LOC_STRINGS = YES;
				SWIFT_VERSION = 5.0;
				TARGETED_DEVICE_FAMILY = "1,2";
			};
			name = Release;
		};
		2636E4E629E3237D00EA39F4 /* Debug */ = {
			isa = XCBuildConfiguration;
			buildSettings = {
				ALWAYS_EMBED_SWIFT_STANDARD_LIBRARIES = YES;
				BUNDLE_LOADER = "$(TEST_HOST)";
				CODE_SIGN_STYLE = Automatic;
				CURRENT_PROJECT_VERSION = 1;
				DEVELOPMENT_TEAM = XL7S5FMWR8;
				GENERATE_INFOPLIST_FILE = YES;
				IPHONEOS_DEPLOYMENT_TARGET = 16.4;
				MARKETING_VERSION = 1.0;
				PRODUCT_BUNDLE_IDENTIFIER = "Breadfast.com.BreadfastMobile-Task-IOSTests";
				PRODUCT_NAME = "$(TARGET_NAME)";
				SWIFT_EMIT_LOC_STRINGS = NO;
				SWIFT_VERSION = 5.0;
				TARGETED_DEVICE_FAMILY = "1,2";
				TEST_HOST = "$(BUILT_PRODUCTS_DIR)/BreadfastMobile Task IOS.app/$(BUNDLE_EXECUTABLE_FOLDER_PATH)/BreadfastMobile Task IOS";
			};
			name = Debug;
		};
		2636E4E729E3237D00EA39F4 /* Release */ = {
			isa = XCBuildConfiguration;
			buildSettings = {
				ALWAYS_EMBED_SWIFT_STANDARD_LIBRARIES = YES;
				BUNDLE_LOADER = "$(TEST_HOST)";
				CODE_SIGN_STYLE = Automatic;
				CURRENT_PROJECT_VERSION = 1;
				DEVELOPMENT_TEAM = XL7S5FMWR8;
				GENERATE_INFOPLIST_FILE = YES;
				IPHONEOS_DEPLOYMENT_TARGET = 16.4;
				MARKETING_VERSION = 1.0;
				PRODUCT_BUNDLE_IDENTIFIER = "Breadfast.com.BreadfastMobile-Task-IOSTests";
				PRODUCT_NAME = "$(TARGET_NAME)";
				SWIFT_EMIT_LOC_STRINGS = NO;
				SWIFT_VERSION = 5.0;
				TARGETED_DEVICE_FAMILY = "1,2";
				TEST_HOST = "$(BUILT_PRODUCTS_DIR)/BreadfastMobile Task IOS.app/$(BUNDLE_EXECUTABLE_FOLDER_PATH)/BreadfastMobile Task IOS";
			};
			name = Release;
		};
		2636E4E929E3237D00EA39F4 /* Debug */ = {
			isa = XCBuildConfiguration;
			buildSettings = {
				ALWAYS_EMBED_SWIFT_STANDARD_LIBRARIES = YES;
				CODE_SIGN_STYLE = Automatic;
				CURRENT_PROJECT_VERSION = 1;
				DEVELOPMENT_TEAM = XL7S5FMWR8;
				GENERATE_INFOPLIST_FILE = YES;
				MARKETING_VERSION = 1.0;
				PRODUCT_BUNDLE_IDENTIFIER = "Breadfast.com.BreadfastMobile-Task-IOSUITests";
				PRODUCT_NAME = "$(TARGET_NAME)";
				SWIFT_EMIT_LOC_STRINGS = NO;
				SWIFT_VERSION = 5.0;
				TARGETED_DEVICE_FAMILY = "1,2";
				TEST_TARGET_NAME = "BreadfastMobile Task IOS";
			};
			name = Debug;
		};
		2636E4EA29E3237D00EA39F4 /* Release */ = {
			isa = XCBuildConfiguration;
			buildSettings = {
				ALWAYS_EMBED_SWIFT_STANDARD_LIBRARIES = YES;
				CODE_SIGN_STYLE = Automatic;
				CURRENT_PROJECT_VERSION = 1;
				DEVELOPMENT_TEAM = XL7S5FMWR8;
				GENERATE_INFOPLIST_FILE = YES;
				MARKETING_VERSION = 1.0;
				PRODUCT_BUNDLE_IDENTIFIER = "Breadfast.com.BreadfastMobile-Task-IOSUITests";
				PRODUCT_NAME = "$(TARGET_NAME)";
				SWIFT_EMIT_LOC_STRINGS = NO;
				SWIFT_VERSION = 5.0;
				TARGETED_DEVICE_FAMILY = "1,2";
				TEST_TARGET_NAME = "BreadfastMobile Task IOS";
			};
			name = Release;
		};
/* End XCBuildConfiguration section */

/* Begin XCConfigurationList section */
		2636E4B929E3237C00EA39F4 /* Build configuration list for PBXProject "BreadfastMobile Task IOS" */ = {
			isa = XCConfigurationList;
			buildConfigurations = (
				2636E4E029E3237D00EA39F4 /* Debug */,
				2636E4E129E3237D00EA39F4 /* Release */,
			);
			defaultConfigurationIsVisible = 0;
			defaultConfigurationName = Release;
		};
		2636E4E229E3237D00EA39F4 /* Build configuration list for PBXNativeTarget "BreadfastMobile Task IOS" */ = {
			isa = XCConfigurationList;
			buildConfigurations = (
				2636E4E329E3237D00EA39F4 /* Debug */,
				2636E4E429E3237D00EA39F4 /* Release */,
			);
			defaultConfigurationIsVisible = 0;
			defaultConfigurationName = Release;
		};
		2636E4E529E3237D00EA39F4 /* Build configuration list for PBXNativeTarget "BreadfastMobile Task IOSTests" */ = {
			isa = XCConfigurationList;
			buildConfigurations = (
				2636E4E629E3237D00EA39F4 /* Debug */,
				2636E4E729E3237D00EA39F4 /* Release */,
			);
			defaultConfigurationIsVisible = 0;
			defaultConfigurationName = Release;
		};
		2636E4E829E3237D00EA39F4 /* Build configuration list for PBXNativeTarget "BreadfastMobile Task IOSUITests" */ = {
			isa = XCConfigurationList;
			buildConfigurations = (
				2636E4E929E3237D00EA39F4 /* Debug */,
				2636E4EA29E3237D00EA39F4 /* Release */,
			);
			defaultConfigurationIsVisible = 0;
			defaultConfigurationName = Release;
		};
/* End XCConfigurationList section */
	};
	rootObject = 2636E4B629E3237C00EA39F4 /* Project object */;
}
